// !$*UTF8*$!
{
	archiveVersion = 1;
	classes = {
	};
	objectVersion = 46;
	objects = {

/* Begin PBXBuildFile section */
		20221EA21B56398500D9854E /* iOS_Tests.swift in Sources */ = {isa = PBXBuildFile; fileRef = 20221EA11B56398500D9854E /* iOS_Tests.swift */; };
		20221EAF1B56399D00D9854E /* OS_X_Tests.swift in Sources */ = {isa = PBXBuildFile; fileRef = 20221EAE1B56399D00D9854E /* OS_X_Tests.swift */; };
		20D9D4891CE1D1E80042B2CA /* Array+removeObject.swift in Sources */ = {isa = PBXBuildFile; fileRef = 20D9D4841CE1D1E80042B2CA /* Array+removeObject.swift */; };
		20D9D48A1CE1D1E80042B2CA /* MREvent.swift in Sources */ = {isa = PBXBuildFile; fileRef = 20D9D4851CE1D1E80042B2CA /* MREvent.swift */; };
		20D9D48B1CE1D1E80042B2CA /* MRRemoteControlClient.swift in Sources */ = {isa = PBXBuildFile; fileRef = 20D9D4861CE1D1E80042B2CA /* MRRemoteControlClient.swift */; };
		20D9D48C1CE1D1E80042B2CA /* MRRemoteControlServer.swift in Sources */ = {isa = PBXBuildFile; fileRef = 20D9D4871CE1D1E80042B2CA /* MRRemoteControlServer.swift */; };
		20D9D48D1CE1D1E80042B2CA /* MRUtils.swift in Sources */ = {isa = PBXBuildFile; fileRef = 20D9D4881CE1D1E80042B2CA /* MRUtils.swift */; };
		20D9D48E1CE1D26F0042B2CA /* Array+removeObject.swift in Sources */ = {isa = PBXBuildFile; fileRef = 20D9D4841CE1D1E80042B2CA /* Array+removeObject.swift */; };
		20D9D48F1CE1D26F0042B2CA /* MREvent.swift in Sources */ = {isa = PBXBuildFile; fileRef = 20D9D4851CE1D1E80042B2CA /* MREvent.swift */; };
		20D9D4901CE1D26F0042B2CA /* MRRemoteControlClient.swift in Sources */ = {isa = PBXBuildFile; fileRef = 20D9D4861CE1D1E80042B2CA /* MRRemoteControlClient.swift */; };
		20D9D4911CE1D26F0042B2CA /* MRRemoteControlServer.swift in Sources */ = {isa = PBXBuildFile; fileRef = 20D9D4871CE1D1E80042B2CA /* MRRemoteControlServer.swift */; };
		20D9D4921CE1D26F0042B2CA /* MRUtils.swift in Sources */ = {isa = PBXBuildFile; fileRef = 20D9D4881CE1D1E80042B2CA /* MRUtils.swift */; };
/* End PBXBuildFile section */

/* Begin PBXFileReference section */
		20221E9C1B56398500D9854E /* iOS Tests.xctest */ = {isa = PBXFileReference; explicitFileType = wrapper.cfbundle; includeInIndex = 0; path = "iOS Tests.xctest"; sourceTree = BUILT_PRODUCTS_DIR; };
		20221EA01B56398500D9854E /* Info.plist */ = {isa = PBXFileReference; lastKnownFileType = text.plist.xml; path = Info.plist; sourceTree = "<group>"; };
		20221EA11B56398500D9854E /* iOS_Tests.swift */ = {isa = PBXFileReference; lastKnownFileType = sourcecode.swift; path = iOS_Tests.swift; sourceTree = "<group>"; };
		20221EAA1B56399D00D9854E /* OS X Tests.xctest */ = {isa = PBXFileReference; explicitFileType = wrapper.cfbundle; includeInIndex = 0; path = "OS X Tests.xctest"; sourceTree = BUILT_PRODUCTS_DIR; };
		20221EAD1B56399D00D9854E /* Info.plist */ = {isa = PBXFileReference; lastKnownFileType = text.plist.xml; path = Info.plist; sourceTree = "<group>"; };
		20221EAE1B56399D00D9854E /* OS_X_Tests.swift */ = {isa = PBXFileReference; lastKnownFileType = sourcecode.swift; path = OS_X_Tests.swift; sourceTree = "<group>"; };
		20D9D4841CE1D1E80042B2CA /* Array+removeObject.swift */ = {isa = PBXFileReference; fileEncoding = 4; lastKnownFileType = sourcecode.swift; path = "Array+removeObject.swift"; sourceTree = "<group>"; };
		20D9D4851CE1D1E80042B2CA /* MREvent.swift */ = {isa = PBXFileReference; fileEncoding = 4; lastKnownFileType = sourcecode.swift; path = MREvent.swift; sourceTree = "<group>"; };
		20D9D4861CE1D1E80042B2CA /* MRRemoteControlClient.swift */ = {isa = PBXFileReference; fileEncoding = 4; lastKnownFileType = sourcecode.swift; path = MRRemoteControlClient.swift; sourceTree = "<group>"; };
		20D9D4871CE1D1E80042B2CA /* MRRemoteControlServer.swift */ = {isa = PBXFileReference; fileEncoding = 4; lastKnownFileType = sourcecode.swift; path = MRRemoteControlServer.swift; sourceTree = "<group>"; };
		20D9D4881CE1D1E80042B2CA /* MRUtils.swift */ = {isa = PBXFileReference; fileEncoding = 4; lastKnownFileType = sourcecode.swift; path = MRUtils.swift; sourceTree = "<group>"; };
/* End PBXFileReference section */

/* Begin PBXFrameworksBuildPhase section */
		20221E991B56398500D9854E /* Frameworks */ = {
			isa = PBXFrameworksBuildPhase;
			buildActionMask = 2147483647;
			files = (
			);
			runOnlyForDeploymentPostprocessing = 0;
		};
		20221EA71B56399D00D9854E /* Frameworks */ = {
			isa = PBXFrameworksBuildPhase;
			buildActionMask = 2147483647;
			files = (
			);
			runOnlyForDeploymentPostprocessing = 0;
		};
/* End PBXFrameworksBuildPhase section */

/* Begin PBXGroup section */
		20221E911B5638FF00D9854E = {
			isa = PBXGroup;
			children = (
				20D9D4831CE1D1E80042B2CA /* MRFoundation */,
				20221E9E1B56398500D9854E /* iOS Tests */,
				20221EAB1B56399D00D9854E /* OS X Tests */,
				20221E9D1B56398500D9854E /* Products */,
			);
			sourceTree = "<group>";
		};
		20221E9D1B56398500D9854E /* Products */ = {
			isa = PBXGroup;
			children = (
				20221E9C1B56398500D9854E /* iOS Tests.xctest */,
				20221EAA1B56399D00D9854E /* OS X Tests.xctest */,
			);
			name = Products;
			sourceTree = "<group>";
		};
		20221E9E1B56398500D9854E /* iOS Tests */ = {
			isa = PBXGroup;
			children = (
				20221EA11B56398500D9854E /* iOS_Tests.swift */,
				20221E9F1B56398500D9854E /* Supporting Files */,
			);
			path = "iOS Tests";
			sourceTree = "<group>";
		};
		20221E9F1B56398500D9854E /* Supporting Files */ = {
			isa = PBXGroup;
			children = (
				20221EA01B56398500D9854E /* Info.plist */,
			);
			name = "Supporting Files";
			sourceTree = "<group>";
		};
		20221EAB1B56399D00D9854E /* OS X Tests */ = {
			isa = PBXGroup;
			children = (
				20221EAE1B56399D00D9854E /* OS_X_Tests.swift */,
				20221EAC1B56399D00D9854E /* Supporting Files */,
			);
			path = "OS X Tests";
			sourceTree = "<group>";
		};
		20221EAC1B56399D00D9854E /* Supporting Files */ = {
			isa = PBXGroup;
			children = (
				20221EAD1B56399D00D9854E /* Info.plist */,
			);
			name = "Supporting Files";
			sourceTree = "<group>";
		};
		20D9D4831CE1D1E80042B2CA /* MRFoundation */ = {
			isa = PBXGroup;
			children = (
				20D9D4841CE1D1E80042B2CA /* Array+removeObject.swift */,
				20D9D4851CE1D1E80042B2CA /* MREvent.swift */,
				20D9D4861CE1D1E80042B2CA /* MRRemoteControlClient.swift */,
				20D9D4871CE1D1E80042B2CA /* MRRemoteControlServer.swift */,
				20D9D4881CE1D1E80042B2CA /* MRUtils.swift */,
			);
			name = MRFoundation;
			path = ../../MRFoundation;
			sourceTree = "<group>";
		};
/* End PBXGroup section */

/* Begin PBXNativeTarget section */
		20221E9B1B56398500D9854E /* iOS Tests */ = {
			isa = PBXNativeTarget;
			buildConfigurationList = 20221EA31B56398500D9854E /* Build configuration list for PBXNativeTarget "iOS Tests" */;
			buildPhases = (
				20221E981B56398500D9854E /* Sources */,
				20221E991B56398500D9854E /* Frameworks */,
				20221E9A1B56398500D9854E /* Resources */,
			);
			buildRules = (
			);
			dependencies = (
			);
			name = "iOS Tests";
			productName = "iOS Tests";
			productReference = 20221E9C1B56398500D9854E /* iOS Tests.xctest */;
			productType = "com.apple.product-type.bundle.unit-test";
		};
		20221EA91B56399D00D9854E /* OS X Tests */ = {
			isa = PBXNativeTarget;
			buildConfigurationList = 20221EB01B56399D00D9854E /* Build configuration list for PBXNativeTarget "OS X Tests" */;
			buildPhases = (
				20221EA61B56399D00D9854E /* Sources */,
				20221EA71B56399D00D9854E /* Frameworks */,
				20221EA81B56399D00D9854E /* Resources */,
			);
			buildRules = (
			);
			dependencies = (
			);
			name = "OS X Tests";
			productName = "OS X Tests";
			productReference = 20221EAA1B56399D00D9854E /* OS X Tests.xctest */;
			productType = "com.apple.product-type.bundle.unit-test";
		};
/* End PBXNativeTarget section */

/* Begin PBXProject section */
		20221E921B5638FF00D9854E /* Project object */ = {
			isa = PBXProject;
			attributes = {
				LastSwiftUpdateCheck = 0710;
				LastUpgradeCheck = 0730;
				TargetAttributes = {
					20221E9B1B56398500D9854E = {
						CreatedOnToolsVersion = 6.1.1;
					};
					20221EA91B56399D00D9854E = {
						CreatedOnToolsVersion = 6.1.1;
					};
				};
			};
			buildConfigurationList = 20221E951B5638FF00D9854E /* Build configuration list for PBXProject "MRFoundation Tests" */;
			compatibilityVersion = "Xcode 3.2";
			developmentRegion = English;
			hasScannedForEncodings = 0;
			knownRegions = (
				en,
			);
			mainGroup = 20221E911B5638FF00D9854E;
			productRefGroup = 20221E9D1B56398500D9854E /* Products */;
			projectDirPath = "";
			projectRoot = "";
			targets = (
				20221E9B1B56398500D9854E /* iOS Tests */,
				20221EA91B56399D00D9854E /* OS X Tests */,
			);
		};
/* End PBXProject section */

/* Begin PBXResourcesBuildPhase section */
		20221E9A1B56398500D9854E /* Resources */ = {
			isa = PBXResourcesBuildPhase;
			buildActionMask = 2147483647;
			files = (
			);
			runOnlyForDeploymentPostprocessing = 0;
		};
		20221EA81B56399D00D9854E /* Resources */ = {
			isa = PBXResourcesBuildPhase;
			buildActionMask = 2147483647;
			files = (
			);
			runOnlyForDeploymentPostprocessing = 0;
		};
/* End PBXResourcesBuildPhase section */

/* Begin PBXSourcesBuildPhase section */
		20221E981B56398500D9854E /* Sources */ = {
			isa = PBXSourcesBuildPhase;
			buildActionMask = 2147483647;
			files = (
				20D9D48D1CE1D1E80042B2CA /* MRUtils.swift in Sources */,
				20D9D48C1CE1D1E80042B2CA /* MRRemoteControlServer.swift in Sources */,
				20D9D48A1CE1D1E80042B2CA /* MREvent.swift in Sources */,
				20D9D48B1CE1D1E80042B2CA /* MRRemoteControlClient.swift in Sources */,
				20D9D4891CE1D1E80042B2CA /* Array+removeObject.swift in Sources */,
				20221EA21B56398500D9854E /* iOS_Tests.swift in Sources */,
			);
			runOnlyForDeploymentPostprocessing = 0;
		};
		20221EA61B56399D00D9854E /* Sources */ = {
			isa = PBXSourcesBuildPhase;
			buildActionMask = 2147483647;
			files = (
				20D9D48E1CE1D26F0042B2CA /* Array+removeObject.swift in Sources */,
				20D9D48F1CE1D26F0042B2CA /* MREvent.swift in Sources */,
				20D9D4901CE1D26F0042B2CA /* MRRemoteControlClient.swift in Sources */,
				20D9D4911CE1D26F0042B2CA /* MRRemoteControlServer.swift in Sources */,
				20D9D4921CE1D26F0042B2CA /* MRUtils.swift in Sources */,
				20221EAF1B56399D00D9854E /* OS_X_Tests.swift in Sources */,
			);
			runOnlyForDeploymentPostprocessing = 0;
		};
/* End PBXSourcesBuildPhase section */

/* Begin XCBuildConfiguration section */
		20221E961B5638FF00D9854E /* Debug */ = {
			isa = XCBuildConfiguration;
			buildSettings = {
				ENABLE_TESTABILITY = YES;
				ONLY_ACTIVE_ARCH = YES;
			};
			name = Debug;
		};
		20221E971B5638FF00D9854E /* Release */ = {
			isa = XCBuildConfiguration;
			buildSettings = {
			};
			name = Release;
		};
		20221EA41B56398500D9854E /* Debug */ = {
			isa = XCBuildConfiguration;
			buildSettings = {
				ALWAYS_SEARCH_USER_PATHS = NO;
				CLANG_CXX_LANGUAGE_STANDARD = "gnu++0x";
				CLANG_CXX_LIBRARY = "libc++";
				CLANG_ENABLE_MODULES = YES;
				CLANG_ENABLE_OBJC_ARC = YES;
				CLANG_WARN_BOOL_CONVERSION = YES;
				CLANG_WARN_CONSTANT_CONVERSION = YES;
				CLANG_WARN_DIRECT_OBJC_ISA_USAGE = YES_ERROR;
				CLANG_WARN_EMPTY_BODY = YES;
				CLANG_WARN_ENUM_CONVERSION = YES;
				CLANG_WARN_INT_CONVERSION = YES;
				CLANG_WARN_OBJC_ROOT_CLASS = YES_ERROR;
				CLANG_WARN_UNREACHABLE_CODE = YES;
				CLANG_WARN__DUPLICATE_METHOD_MATCH = YES;
				COPY_PHASE_STRIP = NO;
				ENABLE_STRICT_OBJC_MSGSEND = YES;
				FRAMEWORK_SEARCH_PATHS = (
					"$(SDKROOT)/Developer/Library/Frameworks",
					"$(inherited)",
				);
				GCC_C_LANGUAGE_STANDARD = gnu99;
				GCC_DYNAMIC_NO_PIC = NO;
				GCC_OPTIMIZATION_LEVEL = 0;
				GCC_PREPROCESSOR_DEFINITIONS = (
					"DEBUG=1",
					"$(inherited)",
				);
				GCC_SYMBOLS_PRIVATE_EXTERN = NO;
				GCC_WARN_64_TO_32_BIT_CONVERSION = YES;
				GCC_WARN_ABOUT_RETURN_TYPE = YES_ERROR;
				GCC_WARN_UNDECLARED_SELECTOR = YES;
				GCC_WARN_UNINITIALIZED_AUTOS = YES_AGGRESSIVE;
				GCC_WARN_UNUSED_FUNCTION = YES;
				GCC_WARN_UNUSED_VARIABLE = YES;
				INFOPLIST_FILE = "iOS Tests/Info.plist";
				IPHONEOS_DEPLOYMENT_TARGET = 8.1;
				LD_RUNPATH_SEARCH_PATHS = "$(inherited) @executable_path/Frameworks @loader_path/Frameworks";
				MTL_ENABLE_DEBUG_INFO = YES;
				ONLY_ACTIVE_ARCH = YES;
				PRODUCT_BUNDLE_IDENTIFIER = "edu.tac.$(PRODUCT_NAME:rfc1034identifier)";
				PRODUCT_NAME = "$(TARGET_NAME)";
				SDKROOT = iphoneos;
				SWIFT_OPTIMIZATION_LEVEL = "-Onone";
			};
			name = Debug;
		};
		20221EA51B56398500D9854E /* Release */ = {
			isa = XCBuildConfiguration;
			buildSettings = {
				ALWAYS_SEARCH_USER_PATHS = NO;
				CLANG_CXX_LANGUAGE_STANDARD = "gnu++0x";
				CLANG_CXX_LIBRARY = "libc++";
				CLANG_ENABLE_MODULES = YES;
				CLANG_ENABLE_OBJC_ARC = YES;
				CLANG_WARN_BOOL_CONVERSION = YES;
				CLANG_WARN_CONSTANT_CONVERSION = YES;
				CLANG_WARN_DIRECT_OBJC_ISA_USAGE = YES_ERROR;
				CLANG_WARN_EMPTY_BODY = YES;
				CLANG_WARN_ENUM_CONVERSION = YES;
				CLANG_WARN_INT_CONVERSION = YES;
				CLANG_WARN_OBJC_ROOT_CLASS = YES_ERROR;
				CLANG_WARN_UNREACHABLE_CODE = YES;
				CLANG_WARN__DUPLICATE_METHOD_MATCH = YES;
				COPY_PHASE_STRIP = YES;
				ENABLE_NS_ASSERTIONS = NO;
				ENABLE_STRICT_OBJC_MSGSEND = YES;
				FRAMEWORK_SEARCH_PATHS = (
					"$(SDKROOT)/Developer/Library/Frameworks",
					"$(inherited)",
				);
				GCC_C_LANGUAGE_STANDARD = gnu99;
				GCC_WARN_64_TO_32_BIT_CONVERSION = YES;
				GCC_WARN_ABOUT_RETURN_TYPE = YES_ERROR;
				GCC_WARN_UNDECLARED_SELECTOR = YES;
				GCC_WARN_UNINITIALIZED_AUTOS = YES_AGGRESSIVE;
				GCC_WARN_UNUSED_FUNCTION = YES;
				GCC_WARN_UNUSED_VARIABLE = YES;
				INFOPLIST_FILE = "iOS Tests/Info.plist";
				IPHONEOS_DEPLOYMENT_TARGET = 8.1;
				LD_RUNPATH_SEARCH_PATHS = "$(inherited) @executable_path/Frameworks @loader_path/Frameworks";
				MTL_ENABLE_DEBUG_INFO = NO;
				PRODUCT_BUNDLE_IDENTIFIER = "edu.tac.$(PRODUCT_NAME:rfc1034identifier)";
				PRODUCT_NAME = "$(TARGET_NAME)";
				SDKROOT = iphoneos;
				VALIDATE_PRODUCT = YES;
			};
			name = Release;
		};
		20221EB11B56399D00D9854E /* Debug */ = {
			isa = XCBuildConfiguration;
			buildSettings = {
				ALWAYS_SEARCH_USER_PATHS = NO;
				CLANG_CXX_LANGUAGE_STANDARD = "gnu++0x";
				CLANG_CXX_LIBRARY = "libc++";
				CLANG_ENABLE_MODULES = YES;
				CLANG_ENABLE_OBJC_ARC = YES;
				CLANG_WARN_BOOL_CONVERSION = YES;
				CLANG_WARN_CONSTANT_CONVERSION = YES;
				CLANG_WARN_DIRECT_OBJC_ISA_USAGE = YES_ERROR;
				CLANG_WARN_EMPTY_BODY = YES;
				CLANG_WARN_ENUM_CONVERSION = YES;
				CLANG_WARN_INT_CONVERSION = YES;
				CLANG_WARN_OBJC_ROOT_CLASS = YES_ERROR;
				CLANG_WARN_UNREACHABLE_CODE = YES;
				CLANG_WARN__DUPLICATE_METHOD_MATCH = YES;
				COMBINE_HIDPI_IMAGES = YES;
				COPY_PHASE_STRIP = NO;
				ENABLE_STRICT_OBJC_MSGSEND = YES;
				FRAMEWORK_SEARCH_PATHS = (
					"$(DEVELOPER_FRAMEWORKS_DIR)",
					"$(inherited)",
				);
				GCC_C_LANGUAGE_STANDARD = gnu99;
				GCC_DYNAMIC_NO_PIC = NO;
				GCC_OPTIMIZATION_LEVEL = 0;
				GCC_PREPROCESSOR_DEFINITIONS = (
					"DEBUG=1",
					"$(inherited)",
				);
				GCC_SYMBOLS_PRIVATE_EXTERN = NO;
				GCC_WARN_64_TO_32_BIT_CONVERSION = YES;
				GCC_WARN_ABOUT_RETURN_TYPE = YES_ERROR;
				GCC_WARN_UNDECLARED_SELECTOR = YES;
				GCC_WARN_UNINITIALIZED_AUTOS = YES_AGGRESSIVE;
				GCC_WARN_UNUSED_FUNCTION = YES;
				GCC_WARN_UNUSED_VARIABLE = YES;
				INFOPLIST_FILE = "OS X Tests/Info.plist";
				LD_RUNPATH_SEARCH_PATHS = "$(inherited) @executable_path/../Frameworks @loader_path/../Frameworks";
				MACOSX_DEPLOYMENT_TARGET = 10.9;
				MTL_ENABLE_DEBUG_INFO = YES;
				ONLY_ACTIVE_ARCH = YES;
				PRODUCT_BUNDLE_IDENTIFIER = "edu.tac.$(PRODUCT_NAME:rfc1034identifier)";
				PRODUCT_NAME = "$(TARGET_NAME)";
				SDKROOT = macosx;
				SWIFT_OPTIMIZATION_LEVEL = "-Onone";
			};
			name = Debug;
		};
		20221EB21B56399D00D9854E /* Release */ = {
			isa = XCBuildConfiguration;
			buildSettings = {
				ALWAYS_SEARCH_USER_PATHS = NO;
				CLANG_CXX_LANGUAGE_STANDARD = "gnu++0x";
				CLANG_CXX_LIBRARY = "libc++";
				CLANG_ENABLE_MODULES = YES;
				CLANG_ENABLE_OBJC_ARC = YES;
				CLANG_WARN_BOOL_CONVERSION = YES;
				CLANG_WARN_CONSTANT_CONVERSION = YES;
				CLANG_WARN_DIRECT_OBJC_ISA_USAGE = YES_ERROR;
				CLANG_WARN_EMPTY_BODY = YES;
				CLANG_WARN_ENUM_CONVERSION = YES;
				CLANG_WARN_INT_CONVERSION = YES;
				CLANG_WARN_OBJC_ROOT_CLASS = YES_ERROR;
				CLANG_WARN_UNREACHABLE_CODE = YES;
				CLANG_WARN__DUPLICATE_METHOD_MATCH = YES;
				COMBINE_HIDPI_IMAGES = YES;
				COPY_PHASE_STRIP = YES;
				DEBUG_INFORMATION_FORMAT = "dwarf-with-dsym";
				ENABLE_NS_ASSERTIONS = NO;
				ENABLE_STRICT_OBJC_MSGSEND = YES;
				FRAMEWORK_SEARCH_PATHS = (
					"$(DEVELOPER_FRAMEWORKS_DIR)",
					"$(inherited)",
				);
				GCC_C_LANGUAGE_STANDARD = gnu99;
				GCC_WARN_64_TO_32_BIT_CONVERSION = YES;
				GCC_WARN_ABOUT_RETURN_TYPE = YES_ERROR;
				GCC_WARN_UNDECLARED_SELECTOR = YES;
				GCC_WARN_UNINITIALIZED_AUTOS = YES_AGGRESSIVE;
				GCC_WARN_UNUSED_FUNCTION = YES;
				GCC_WARN_UNUSED_VARIABLE = YES;
				INFOPLIST_FILE = "OS X Tests/Info.plist";
				LD_RUNPATH_SEARCH_PATHS = "$(inherited) @executable_path/../Frameworks @loader_path/../Frameworks";
				MACOSX_DEPLOYMENT_TARGET = 10.9;
				MTL_ENABLE_DEBUG_INFO = NO;
				PRODUCT_BUNDLE_IDENTIFIER = "edu.tac.$(PRODUCT_NAME:rfc1034identifier)";
				PRODUCT_NAME = "$(TARGET_NAME)";
				SDKROOT = macosx;
			};
			name = Release;
		};
/* End XCBuildConfiguration section */

/* Begin XCConfigurationList section */
		20221E951B5638FF00D9854E /* Build configuration list for PBXProject "MRFoundation Tests" */ = {
			isa = XCConfigurationList;
			buildConfigurations = (
				20221E961B5638FF00D9854E /* Debug */,
				20221E971B5638FF00D9854E /* Release */,
			);
			defaultConfigurationIsVisible = 0;
			defaultConfigurationName = Release;
		};
		20221EA31B56398500D9854E /* Build configuration list for PBXNativeTarget "iOS Tests" */ = {
			isa = XCConfigurationList;
			buildConfigurations = (
				20221EA41B56398500D9854E /* Debug */,
				20221EA51B56398500D9854E /* Release */,
			);
			defaultConfigurationIsVisible = 0;
			defaultConfigurationName = Release;
		};
		20221EB01B56399D00D9854E /* Build configuration list for PBXNativeTarget "OS X Tests" */ = {
			isa = XCConfigurationList;
			buildConfigurations = (
				20221EB11B56399D00D9854E /* Debug */,
				20221EB21B56399D00D9854E /* Release */,
			);
			defaultConfigurationIsVisible = 0;
			defaultConfigurationName = Release;
		};
/* End XCConfigurationList section */
	};
	rootObject = 20221E921B5638FF00D9854E /* Project object */;
}
