// !$*UTF8*$!
{
	archiveVersion = 1;
	classes = {
	};
	objectVersion = 46;
	objects = {

/* Begin PBXBuildFile section */
		20221E771B5637D600D9854E /* AppDelegate.swift in Sources */ = {isa = PBXBuildFile; fileRef = 20221E761B5637D600D9854E /* AppDelegate.swift */; };
		20221E791B5637D600D9854E /* Images.xcassets in Resources */ = {isa = PBXBuildFile; fileRef = 20221E781B5637D600D9854E /* Images.xcassets */; };
		20221E7C1B5637D600D9854E /* MainMenu.xib in Resources */ = {isa = PBXBuildFile; fileRef = 20221E7A1B5637D600D9854E /* MainMenu.xib */; };
		20221EC01B563A4800D9854E /* MREvent.swift in Sources */ = {isa = PBXBuildFile; fileRef = 20221EBD1B563A4800D9854E /* MREvent.swift */; };
		20221EC11B563A4800D9854E /* MRRemoteControlClient.swift in Sources */ = {isa = PBXBuildFile; fileRef = 20221EBE1B563A4800D9854E /* MRRemoteControlClient.swift */; };
		20221EC21B563A4800D9854E /* MRRemoteControlServer.swift in Sources */ = {isa = PBXBuildFile; fileRef = 20221EBF1B563A4800D9854E /* MRRemoteControlServer.swift */; };
		20221EC41B56451900D9854E /* Array+removeObject.swift in Sources */ = {isa = PBXBuildFile; fileRef = 20221EC31B56451900D9854E /* Array+removeObject.swift */; };
		20D22D651B8315380015D812 /* MRUtils.swift in Sources */ = {isa = PBXBuildFile; fileRef = 20D22D641B8315380015D812 /* MRUtils.swift */; };
		FB20DCBB45526E5B66F4C78C /* Pods_MRFoundation_OS_X_Example.framework in Frameworks */ = {isa = PBXBuildFile; fileRef = 84C9F60C95BB19454939BB33 /* Pods_MRFoundation_OS_X_Example.framework */; settings = {ATTRIBUTES = (Weak, ); }; };
/* End PBXBuildFile section */

/* Begin PBXFileReference section */
		05651195ED99622EC1A3E834 /* Pods-MRFoundation OS X Example.release.xcconfig */ = {isa = PBXFileReference; includeInIndex = 1; lastKnownFileType = text.xcconfig; name = "Pods-MRFoundation OS X Example.release.xcconfig"; path = "Pods/Target Support Files/Pods-MRFoundation OS X Example/Pods-MRFoundation OS X Example.release.xcconfig"; sourceTree = "<group>"; };
		20221E711B5637D600D9854E /* MRFoundation OS X Example.app */ = {isa = PBXFileReference; explicitFileType = wrapper.application; includeInIndex = 0; path = "MRFoundation OS X Example.app"; sourceTree = BUILT_PRODUCTS_DIR; };
		20221E751B5637D600D9854E /* Info.plist */ = {isa = PBXFileReference; lastKnownFileType = text.plist.xml; path = Info.plist; sourceTree = "<group>"; };
		20221E761B5637D600D9854E /* AppDelegate.swift */ = {isa = PBXFileReference; lastKnownFileType = sourcecode.swift; path = AppDelegate.swift; sourceTree = "<group>"; };
		20221E781B5637D600D9854E /* Images.xcassets */ = {isa = PBXFileReference; lastKnownFileType = folder.assetcatalog; path = Images.xcassets; sourceTree = "<group>"; };
		20221E7B1B5637D600D9854E /* Base */ = {isa = PBXFileReference; lastKnownFileType = file.xib; name = Base; path = Base.lproj/MainMenu.xib; sourceTree = "<group>"; };
		20221EBD1B563A4800D9854E /* MREvent.swift */ = {isa = PBXFileReference; fileEncoding = 4; lastKnownFileType = sourcecode.swift; path = MREvent.swift; sourceTree = "<group>"; };
		20221EBE1B563A4800D9854E /* MRRemoteControlClient.swift */ = {isa = PBXFileReference; fileEncoding = 4; lastKnownFileType = sourcecode.swift; path = MRRemoteControlClient.swift; sourceTree = "<group>"; };
		20221EBF1B563A4800D9854E /* MRRemoteControlServer.swift */ = {isa = PBXFileReference; fileEncoding = 4; lastKnownFileType = sourcecode.swift; path = MRRemoteControlServer.swift; sourceTree = "<group>"; };
		20221EC31B56451900D9854E /* Array+removeObject.swift */ = {isa = PBXFileReference; fileEncoding = 4; lastKnownFileType = sourcecode.swift; path = "Array+removeObject.swift"; sourceTree = "<group>"; };
		20D22D641B8315380015D812 /* MRUtils.swift */ = {isa = PBXFileReference; fileEncoding = 4; lastKnownFileType = sourcecode.swift; path = MRUtils.swift; sourceTree = "<group>"; };
		60D70D3275CFF278CB04EFD8 /* Pods-MRFoundation OS X Example.debug.xcconfig */ = {isa = PBXFileReference; includeInIndex = 1; lastKnownFileType = text.xcconfig; name = "Pods-MRFoundation OS X Example.debug.xcconfig"; path = "Pods/Target Support Files/Pods-MRFoundation OS X Example/Pods-MRFoundation OS X Example.debug.xcconfig"; sourceTree = "<group>"; };
		84C9F60C95BB19454939BB33 /* Pods_MRFoundation_OS_X_Example.framework */ = {isa = PBXFileReference; explicitFileType = wrapper.framework; includeInIndex = 0; path = Pods_MRFoundation_OS_X_Example.framework; sourceTree = BUILT_PRODUCTS_DIR; };
/* End PBXFileReference section */

/* Begin PBXFrameworksBuildPhase section */
		20221E6E1B5637D600D9854E /* Frameworks */ = {
			isa = PBXFrameworksBuildPhase;
			buildActionMask = 2147483647;
			files = (
				FB20DCBB45526E5B66F4C78C /* Pods_MRFoundation_OS_X_Example.framework in Frameworks */,
			);
			runOnlyForDeploymentPostprocessing = 0;
		};
/* End PBXFrameworksBuildPhase section */

/* Begin PBXGroup section */
		20221E681B5637D600D9854E = {
			isa = PBXGroup;
			children = (
				20221EBC1B563A4800D9854E /* MRFoundation */,
				20221E731B5637D600D9854E /* MRFoundation OS X Example */,
				20221E721B5637D600D9854E /* Products */,
				E079404C5E5150F1E468F717 /* Pods */,
				39244F9F91B43A904A5EEF10 /* Frameworks */,
			);
			sourceTree = "<group>";
		};
		20221E721B5637D600D9854E /* Products */ = {
			isa = PBXGroup;
			children = (
				20221E711B5637D600D9854E /* MRFoundation OS X Example.app */,
			);
			name = Products;
			sourceTree = "<group>";
		};
		20221E731B5637D600D9854E /* MRFoundation OS X Example */ = {
			isa = PBXGroup;
			children = (
				20221E761B5637D600D9854E /* AppDelegate.swift */,
				20221E781B5637D600D9854E /* Images.xcassets */,
				20221E7A1B5637D600D9854E /* MainMenu.xib */,
				20221E741B5637D600D9854E /* Supporting Files */,
			);
			path = "MRFoundation OS X Example";
			sourceTree = "<group>";
		};
		20221E741B5637D600D9854E /* Supporting Files */ = {
			isa = PBXGroup;
			children = (
				20221E751B5637D600D9854E /* Info.plist */,
			);
			name = "Supporting Files";
			sourceTree = "<group>";
		};
		20221EBC1B563A4800D9854E /* MRFoundation */ = {
			isa = PBXGroup;
			children = (
				20D22D641B8315380015D812 /* MRUtils.swift */,
				20221EC31B56451900D9854E /* Array+removeObject.swift */,
				20221EBD1B563A4800D9854E /* MREvent.swift */,
				20221EBE1B563A4800D9854E /* MRRemoteControlClient.swift */,
				20221EBF1B563A4800D9854E /* MRRemoteControlServer.swift */,
			);
			name = MRFoundation;
			path = ../../MRFoundation;
			sourceTree = "<group>";
		};
		39244F9F91B43A904A5EEF10 /* Frameworks */ = {
			isa = PBXGroup;
			children = (
				84C9F60C95BB19454939BB33 /* Pods_MRFoundation_OS_X_Example.framework */,
			);
			name = Frameworks;
			sourceTree = "<group>";
		};
		E079404C5E5150F1E468F717 /* Pods */ = {
			isa = PBXGroup;
			children = (
				60D70D3275CFF278CB04EFD8 /* Pods-MRFoundation OS X Example.debug.xcconfig */,
				05651195ED99622EC1A3E834 /* Pods-MRFoundation OS X Example.release.xcconfig */,
			);
			name = Pods;
			sourceTree = "<group>";
		};
/* End PBXGroup section */

/* Begin PBXNativeTarget section */
		20221E701B5637D600D9854E /* MRFoundation OS X Example */ = {
			isa = PBXNativeTarget;
			buildConfigurationList = 20221E8B1B5637D600D9854E /* Build configuration list for PBXNativeTarget "MRFoundation OS X Example" */;
			buildPhases = (
				9E6F073C7D49AF0BAF09C02D /* Check Pods Manifest.lock */,
				20221E6D1B5637D600D9854E /* Sources */,
				20221E6E1B5637D600D9854E /* Frameworks */,
				20221E6F1B5637D600D9854E /* Resources */,
				5C7934407B7B8D756DA3C249 /* Embed Pods Frameworks */,
				255FE094684693089F9E6F0A /* Copy Pods Resources */,
			);
			buildRules = (
			);
			dependencies = (
			);
			name = "MRFoundation OS X Example";
			productName = "MRFoundation OS X Example";
			productReference = 20221E711B5637D600D9854E /* MRFoundation OS X Example.app */;
			productType = "com.apple.product-type.application";
		};
/* End PBXNativeTarget section */

/* Begin PBXProject section */
		20221E691B5637D600D9854E /* Project object */ = {
			isa = PBXProject;
			attributes = {
				LastUpgradeCheck = 0610;
				ORGANIZATIONNAME = "Tom Hu";
				TargetAttributes = {
					20221E701B5637D600D9854E = {
						CreatedOnToolsVersion = 6.1.1;
					};
				};
			};
			buildConfigurationList = 20221E6C1B5637D600D9854E /* Build configuration list for PBXProject "MRFoundation OS X Example" */;
			compatibilityVersion = "Xcode 3.2";
			developmentRegion = English;
			hasScannedForEncodings = 0;
			knownRegions = (
				en,
				Base,
			);
			mainGroup = 20221E681B5637D600D9854E;
			productRefGroup = 20221E721B5637D600D9854E /* Products */;
			projectDirPath = "";
			projectRoot = "";
			targets = (
				20221E701B5637D600D9854E /* MRFoundation OS X Example */,
			);
		};
/* End PBXProject section */

/* Begin PBXResourcesBuildPhase section */
		20221E6F1B5637D600D9854E /* Resources */ = {
			isa = PBXResourcesBuildPhase;
			buildActionMask = 2147483647;
			files = (
				20221E791B5637D600D9854E /* Images.xcassets in Resources */,
				20221E7C1B5637D600D9854E /* MainMenu.xib in Resources */,
			);
			runOnlyForDeploymentPostprocessing = 0;
		};
/* End PBXResourcesBuildPhase section */

/* Begin PBXShellScriptBuildPhase section */
		255FE094684693089F9E6F0A /* Copy Pods Resources */ = {
			isa = PBXShellScriptBuildPhase;
			buildActionMask = 2147483647;
			files = (
			);
			inputPaths = (
			);
			name = "Copy Pods Resources";
			outputPaths = (
			);
			runOnlyForDeploymentPostprocessing = 0;
			shellPath = /bin/sh;
			shellScript = "\"${SRCROOT}/Pods/Target Support Files/Pods-MRFoundation OS X Example/Pods-MRFoundation OS X Example-resources.sh\"\n";
			showEnvVarsInLog = 0;
		};
		5C7934407B7B8D756DA3C249 /* Embed Pods Frameworks */ = {
			isa = PBXShellScriptBuildPhase;
			buildActionMask = 2147483647;
			files = (
			);
			inputPaths = (
			);
			name = "Embed Pods Frameworks";
			outputPaths = (
			);
			runOnlyForDeploymentPostprocessing = 0;
			shellPath = /bin/sh;
			shellScript = "\"${SRCROOT}/Pods/Target Support Files/Pods-MRFoundation OS X Example/Pods-MRFoundation OS X Example-frameworks.sh\"\n";
			showEnvVarsInLog = 0;
		};
		9E6F073C7D49AF0BAF09C02D /* Check Pods Manifest.lock */ = {
			isa = PBXShellScriptBuildPhase;
			buildActionMask = 2147483647;
			files = (
			);
			inputPaths = (
			);
			name = "Check Pods Manifest.lock";
			outputPaths = (
			);
			runOnlyForDeploymentPostprocessing = 0;
			shellPath = /bin/sh;
			shellScript = "diff \"${PODS_ROOT}/../Podfile.lock\" \"${PODS_ROOT}/Manifest.lock\" > /dev/null\nif [[ $? != 0 ]] ; then\n    cat << EOM\nerror: The sandbox is not in sync with the Podfile.lock. Run 'pod install' or update your CocoaPods installation.\nEOM\n    exit 1\nfi\n";
			showEnvVarsInLog = 0;
		};
/* End PBXShellScriptBuildPhase section */

/* Begin PBXSourcesBuildPhase section */
		20221E6D1B5637D600D9854E /* Sources */ = {
			isa = PBXSourcesBuildPhase;
			buildActionMask = 2147483647;
			files = (
				20D22D651B8315380015D812 /* MRUtils.swift in Sources */,
				20221E771B5637D600D9854E /* AppDelegate.swift in Sources */,
				20221EC21B563A4800D9854E /* MRRemoteControlServer.swift in Sources */,
				20221EC01B563A4800D9854E /* MREvent.swift in Sources */,
				20221EC41B56451900D9854E /* Array+removeObject.swift in Sources */,
				20221EC11B563A4800D9854E /* MRRemoteControlClient.swift in Sources */,
			);
			runOnlyForDeploymentPostprocessing = 0;
		};
/* End PBXSourcesBuildPhase section */

/* Begin PBXVariantGroup section */
		20221E7A1B5637D600D9854E /* MainMenu.xib */ = {
			isa = PBXVariantGroup;
			children = (
				20221E7B1B5637D600D9854E /* Base */,
			);
			name = MainMenu.xib;
			sourceTree = "<group>";
		};
/* End PBXVariantGroup section */

/* Begin XCBuildConfiguration section */
		20221E891B5637D600D9854E /* Debug */ = {
			isa = XCBuildConfiguration;
			buildSettings = {
				ALWAYS_SEARCH_USER_PATHS = NO;
				CLANG_CXX_LANGUAGE_STANDARD = "gnu++0x";
				CLANG_CXX_LIBRARY = "libc++";
				CLANG_ENABLE_MODULES = YES;
				CLANG_ENABLE_OBJC_ARC = YES;
				CLANG_WARN_BOOL_CONVERSION = YES;
				CLANG_WARN_CONSTANT_CONVERSION = YES;
				CLANG_WARN_DIRECT_OBJC_ISA_USAGE = YES_ERROR;
				CLANG_WARN_EMPTY_BODY = YES;
				CLANG_WARN_ENUM_CONVERSION = YES;
				CLANG_WARN_INT_CONVERSION = YES;
				CLANG_WARN_OBJC_ROOT_CLASS = YES_ERROR;
				CLANG_WARN_UNREACHABLE_CODE = YES;
				CLANG_WARN__DUPLICATE_METHOD_MATCH = YES;
				CODE_SIGN_IDENTITY = "-";
				COPY_PHASE_STRIP = NO;
				ENABLE_STRICT_OBJC_MSGSEND = YES;
				GCC_C_LANGUAGE_STANDARD = gnu99;
				GCC_DYNAMIC_NO_PIC = NO;
				GCC_OPTIMIZATION_LEVEL = 0;
				GCC_PREPROCESSOR_DEFINITIONS = (
					"DEBUG=1",
					"$(inherited)",
				);
				GCC_SYMBOLS_PRIVATE_EXTERN = NO;
				GCC_WARN_64_TO_32_BIT_CONVERSION = YES;
				GCC_WARN_ABOUT_RETURN_TYPE = YES_ERROR;
				GCC_WARN_UNDECLARED_SELECTOR = YES;
				GCC_WARN_UNINITIALIZED_AUTOS = YES_AGGRESSIVE;
				GCC_WARN_UNUSED_FUNCTION = YES;
				GCC_WARN_UNUSED_VARIABLE = YES;
				MACOSX_DEPLOYMENT_TARGET = 10.9;
				MTL_ENABLE_DEBUG_INFO = YES;
				ONLY_ACTIVE_ARCH = YES;
				SDKROOT = macosx;
				SWIFT_OPTIMIZATION_LEVEL = "-Onone";
			};
			name = Debug;
		};
		20221E8A1B5637D600D9854E /* Release */ = {
			isa = XCBuildConfiguration;
			buildSettings = {
				ALWAYS_SEARCH_USER_PATHS = NO;
				CLANG_CXX_LANGUAGE_STANDARD = "gnu++0x";
				CLANG_CXX_LIBRARY = "libc++";
				CLANG_ENABLE_MODULES = YES;
				CLANG_ENABLE_OBJC_ARC = YES;
				CLANG_WARN_BOOL_CONVERSION = YES;
				CLANG_WARN_CONSTANT_CONVERSION = YES;
				CLANG_WARN_DIRECT_OBJC_ISA_USAGE = YES_ERROR;
				CLANG_WARN_EMPTY_BODY = YES;
				CLANG_WARN_ENUM_CONVERSION = YES;
				CLANG_WARN_INT_CONVERSION = YES;
				CLANG_WARN_OBJC_ROOT_CLASS = YES_ERROR;
				CLANG_WARN_UNREACHABLE_CODE = YES;
				CLANG_WARN__DUPLICATE_METHOD_MATCH = YES;
				CODE_SIGN_IDENTITY = "-";
				COPY_PHASE_STRIP = YES;
				DEBUG_INFORMATION_FORMAT = "dwarf-with-dsym";
				ENABLE_NS_ASSERTIONS = NO;
				ENABLE_STRICT_OBJC_MSGSEND = YES;
				GCC_C_LANGUAGE_STANDARD = gnu99;
				GCC_WARN_64_TO_32_BIT_CONVERSION = YES;
				GCC_WARN_ABOUT_RETURN_TYPE = YES_ERROR;
				GCC_WARN_UNDECLARED_SELECTOR = YES;
				GCC_WARN_UNINITIALIZED_AUTOS = YES_AGGRESSIVE;
				GCC_WARN_UNUSED_FUNCTION = YES;
				GCC_WARN_UNUSED_VARIABLE = YES;
				MACOSX_DEPLOYMENT_TARGET = 10.9;
				MTL_ENABLE_DEBUG_INFO = NO;
				SDKROOT = macosx;
			};
			name = Release;
		};
		20221E8C1B5637D600D9854E /* Debug */ = {
			isa = XCBuildConfiguration;
			baseConfigurationReference = 60D70D3275CFF278CB04EFD8 /* Pods-MRFoundation OS X Example.debug.xcconfig */;
			buildSettings = {
				ASSETCATALOG_COMPILER_APPICON_NAME = AppIcon;
				COMBINE_HIDPI_IMAGES = YES;
				INFOPLIST_FILE = "MRFoundation OS X Example/Info.plist";
				LD_RUNPATH_SEARCH_PATHS = "$(inherited) @executable_path/../Frameworks";
				PRODUCT_NAME = "$(TARGET_NAME)";
			};
			name = Debug;
		};
		20221E8D1B5637D600D9854E /* Release */ = {
			isa = XCBuildConfiguration;
			baseConfigurationReference = 05651195ED99622EC1A3E834 /* Pods-MRFoundation OS X Example.release.xcconfig */;
			buildSettings = {
				ASSETCATALOG_COMPILER_APPICON_NAME = AppIcon;
				COMBINE_HIDPI_IMAGES = YES;
				INFOPLIST_FILE = "MRFoundation OS X Example/Info.plist";
				LD_RUNPATH_SEARCH_PATHS = "$(inherited) @executable_path/../Frameworks";
				PRODUCT_NAME = "$(TARGET_NAME)";
			};
			name = Release;
		};
/* End XCBuildConfiguration section */

/* Begin XCConfigurationList section */
		20221E6C1B5637D600D9854E /* Build configuration list for PBXProject "MRFoundation OS X Example" */ = {
			isa = XCConfigurationList;
			buildConfigurations = (
				20221E891B5637D600D9854E /* Debug */,
				20221E8A1B5637D600D9854E /* Release */,
			);
			defaultConfigurationIsVisible = 0;
			defaultConfigurationName = Release;
		};
		20221E8B1B5637D600D9854E /* Build configuration list for PBXNativeTarget "MRFoundation OS X Example" */ = {
			isa = XCConfigurationList;
			buildConfigurations = (
				20221E8C1B5637D600D9854E /* Debug */,
				20221E8D1B5637D600D9854E /* Release */,
			);
			defaultConfigurationIsVisible = 0;
			defaultConfigurationName = Release;
		};
/* End XCConfigurationList section */
	};
	rootObject = 20221E691B5637D600D9854E /* Project object */;
}
